Microsoft Visual Studio Solution File, Format Version 12.00
# Visual Studio Version 17
VisualStudioVersion = 17.0.31903.59
MinimumVisualStudioVersion = 10.0.40219.1
Project("{FAE04EC0-301F-11D3-BF4B-00C04F79EFBC}") = "ArcaneVault.Api", "ArcaneVault.Api\ArcaneVault.Api.csproj", "{9A30F495-4C92-49E1-9152-C56539B6E001}"
EndProject
Project("{FAE04EC0-301F-11D3-BF4B-00C04F79EFBC}") = "ArcaneVault.Web", "ArcaneVault.Web\ArcaneVault.Web.csproj", "{617B3781-0EE4-4117-87DE-14F091481002}"
EndProject
Project("{FAE04EC0-301F-11D3-BF4B-00C04F79EFBC}") = "ArcaneVault.Tests", "ArcaneVault.Tests\ArcaneVault.Tests.csproj", "{8D730786-4BAD-4EF9-A040-A79A6E638003}"
EndProject
Global
	GlobalSection(SolutionConfigurationPlatforms) = preSolution
		Debug|Any CPU = Debug|Any CPU
		Release|Any CPU = Release|Any CPU
	EndGlobalSection
	GlobalSection(ProjectConfigurationPlatforms) = postSolution
		{9A30F495-4C92-49E1-9152-C56539B6E001}.Debug|Any CPU.ActiveCfg = Debug|Any CPU
		{9A30F495-4C92-49E1-9152-C56539B6E001}.Debug|Any CPU.Build.0 = Debug|Any CPU
		{9A30F495-4C92-49E1-9152-C56539B6E001}.Release|Any CPU.ActiveCfg = Release|Any CPU
		{9A30F495-4C92-49E1-9152-C56539B6E001}.Release|Any CPU.Build.0 = Release|Any CPU
		{617B3781-0EE4-4117-87DE-14F091481002}.Debug|Any CPU.ActiveCfg = Debug|Any CPU
		{617B3781-0EE4-4117-87DE-14F091481002}.Debug|Any CPU.Build.0 = Debug|Any CPU
		{617B3781-0EE4-4117-87DE-14F091481002}.Release|Any CPU.ActiveCfg = Release|Any CPU
		{617B3781-0EE4-4117-87DE-14F091481002}.Release|Any CPU.Build.0 = Release|Any CPU
		{8D730786-4BAD-4EF9-A040-A79A6E638003}.Debug|Any CPU.ActiveCfg = Debug|Any CPU
		{8D730786-4BAD-4EF9-A040-A79A6E638003}.Debug|Any CPU.Build.0 = Debug|Any CPU
		{8D730786-4BAD-4EF9-A040-A79A6E638003}.Release|Any CPU.ActiveCfg = Release|Any CPU
		{8D730786-4BAD-4EF9-A040-A79A6E638003}.Release|Any CPU.Build.0 = Release|Any CPU
	EndGlobalSection
EndGlobal
